
Microsoft Visual Studio Solution File, Format Version 12.00
Project("{FAE04EC0-301F-11D3-BF4B-00C04F79EFBC}") = "ItemsRepeaterDataGridDemo", "src\ItemsRepeaterDataGridDemo\ItemsRepeaterDataGridDemo.csproj", "{A2CC1506-A489-4C79-8EF3-FA9B786D1C91}"
EndProject
Project("{FAE04EC0-301F-11D3-BF4B-00C04F79EFBC}") = "ItemsRepeaterDataGrid", "src\ItemsRepeaterDataGrid\ItemsRepeaterDataGrid.csproj", "{941DBB36-F74A-442F-8D4D-F43E6B58F2A9}"
EndProject
Global
	GlobalSection(SolutionConfigurationPlatforms) = preSolution
		Debug|Any CPU = Debug|Any CPU
		Release|Any CPU = Release|Any CPU
	EndGlobalSection
	GlobalSection(ProjectConfigurationPlatforms) = postSolution
		{A2CC1506-A489-4C79-8EF3-FA9B786D1C91}.Debug|Any CPU.ActiveCfg = Debug|Any CPU
		{A2CC1506-A489-4C79-8EF3-FA9B786D1C91}.Debug|Any CPU.Build.0 = Debug|Any CPU
		{A2CC1506-A489-4C79-8EF3-FA9B786D1C91}.Release|Any CPU.ActiveCfg = Release|Any CPU
		{A2CC1506-A489-4C79-8EF3-FA9B786D1C91}.Release|Any CPU.Build.0 = Release|Any CPU
		{941DBB36-F74A-442F-8D4D-F43E6B58F2A9}.Debug|Any CPU.ActiveCfg = Debug|Any CPU
		{941DBB36-F74A-442F-8D4D-F43E6B58F2A9}.Debug|Any CPU.Build.0 = Debug|Any CPU
		{941DBB36-F74A-442F-8D4D-F43E6B58F2A9}.Release|Any CPU.ActiveCfg = Release|Any CPU
		{941DBB36-F74A-442F-8D4D-F43E6B58F2A9}.Release|Any CPU.Build.0 = Release|Any CPU
	EndGlobalSection
EndGlobal
